
Microsoft Visual Studio Solution File, Format Version 12.00
# Visual Studio Version 16
VisualStudioVersion = 16.0.29709.97
MinimumVisualStudioVersion = 10.0.40219.1
Project("{FAE04EC0-301F-11D3-BF4B-00C04F79EFBC}") = "HelloWorld", "HelloWorld\HelloWorld.csproj", "{AA1EAAE5-2031-42AA-9E71-4DA913AA585E}"
EndProject
Global
	GlobalSection(SolutionConfigurationPlatforms) = preSolution
		Debug|Any CPU = Debug|Any CPU
		Release|Any CPU = Release|Any CPU
	EndGlobalSection
	GlobalSection(ProjectConfigurationPlatforms) = postSolution
		{AA1EAAE5-2031-42AA-9E71-4DA913AA585E}.Debug|Any CPU.ActiveCfg = Debug|Any CPU
		{AA1EAAE5-2031-42AA-9E71-4DA913AA585E}.Debug|Any CPU.Build.0 = Debug|Any CPU
		{AA1EAAE5-2031-42AA-9E71-4DA913AA585E}.Release|Any CPU.ActiveCfg = Release|Any CPU
		{AA1EAAE5-2031-42AA-9E71-4DA913AA585E}.Release|Any CPU.Build.0 = Release|Any CPU
	EndGlobalSection
	GlobalSection(SolutionProperties) = preSolution
		HideSolutionNode = FALSE
	EndGlobalSection
	GlobalSection(ExtensibilityGlobals) = postSolution
		SolutionGuid = {05430CE3-86D4-4761-B0AD-687375C20850}
	EndGlobalSection
EndGlobal
